
Microsoft Visual Studio Solution File, Format Version 12.00
Project("{2150E333-8FDC-42A3-9474-1A3956D46DE8}") = "src", "src", "{7F7D4740-53CB-4B9F-960C-761CC0ED463B}"
EndProject
Project("{2150E333-8FDC-42A3-9474-1A3956D46DE8}") = "test", "test", "{54D5B683-8338-462B-B162-888467C4701C}"
EndProject
Project("{2150E333-8FDC-42A3-9474-1A3956D46DE8}") = "Library", "Library", "{DDEDE9A3-EDE7-4F3F-872E-A84A5DD60C03}"
EndProject
Project("{2150E333-8FDC-42A3-9474-1A3956D46DE8}") = "Web", "Web", "{7165724E-9328-4BD8-AC6B-A1A979D0E85A}"
EndProject
Project("{FAE04EC0-301F-11D3-BF4B-00C04F79EFBC}") = "Tp24.Api", "src\Web\Tp24.Api\Tp24.Api.csproj", "{37691F51-6A10-4C3B-A867-76A927DB5E5F}"
EndProject
Project("{FAE04EC0-301F-11D3-BF4B-00C04F79EFBC}") = "Tp24.Application", "src\Library\Tp24.Application\Tp24.Application.csproj", "{4A90542A-E6B3-4F54-B1E7-BA83809F6CAE}"
EndProject
Project("{FAE04EC0-301F-11D3-BF4B-00C04F79EFBC}") = "Tp24.Common", "src\Library\Tp24.Common\Tp24.Common.csproj", "{793594B7-9142-4F37-A274-4FDA0D56C0B9}"
EndProject
Project("{FAE04EC0-301F-11D3-BF4B-00C04F79EFBC}") = "Tp24.Core", "src\Library\Tp24.Core\Tp24.Core.csproj", "{7566AAB1-BE25-4F4B-855B-5626C3515301}"
EndProject
Project("{FAE04EC0-301F-11D3-BF4B-00C04F79EFBC}") = "Tp24.Infrastructure", "src\Library\Tp24.Infrastructure\Tp24.Infrastructure.csproj", "{B4FC9194-661D-4C4A-8191-6AE0D7F9A481}"
EndProject
Project("{FAE04EC0-301F-11D3-BF4B-00C04F79EFBC}") = "Tp24.IntegrationTest", "test\Tp24.IntegrationTest\Tp24.IntegrationTest.csproj", "{F70F2A83-F0BF-48CC-9DE6-EB57222C5896}"
EndProject
Project("{FAE04EC0-301F-11D3-BF4B-00C04F79EFBC}") = "Tp24.UnitTest", "test\Tp24.UnitTest\Tp24.UnitTest.csproj", "{B24C2879-84E3-4450-A45E-7E28A6E2BC1A}"
EndProject
Global
	GlobalSection(SolutionConfigurationPlatforms) = preSolution
		Debug|Any CPU = Debug|Any CPU
		Release|Any CPU = Release|Any CPU
	EndGlobalSection
	GlobalSection(ProjectConfigurationPlatforms) = postSolution
		{37691F51-6A10-4C3B-A867-76A927DB5E5F}.Debug|Any CPU.ActiveCfg = Debug|Any CPU
		{37691F51-6A10-4C3B-A867-76A927DB5E5F}.Debug|Any CPU.Build.0 = Debug|Any CPU
		{37691F51-6A10-4C3B-A867-76A927DB5E5F}.Release|Any CPU.ActiveCfg = Release|Any CPU
		{37691F51-6A10-4C3B-A867-76A927DB5E5F}.Release|Any CPU.Build.0 = Release|Any CPU
		{4A90542A-E6B3-4F54-B1E7-BA83809F6CAE}.Debug|Any CPU.ActiveCfg = Debug|Any CPU
		{4A90542A-E6B3-4F54-B1E7-BA83809F6CAE}.Debug|Any CPU.Build.0 = Debug|Any CPU
		{4A90542A-E6B3-4F54-B1E7-BA83809F6CAE}.Release|Any CPU.ActiveCfg = Release|Any CPU
		{4A90542A-E6B3-4F54-B1E7-BA83809F6CAE}.Release|Any CPU.Build.0 = Release|Any CPU
		{793594B7-9142-4F37-A274-4FDA0D56C0B9}.Debug|Any CPU.ActiveCfg = Debug|Any CPU
		{793594B7-9142-4F37-A274-4FDA0D56C0B9}.Debug|Any CPU.Build.0 = Debug|Any CPU
		{793594B7-9142-4F37-A274-4FDA0D56C0B9}.Release|Any CPU.ActiveCfg = Release|Any CPU
		{793594B7-9142-4F37-A274-4FDA0D56C0B9}.Release|Any CPU.Build.0 = Release|Any CPU
		{7566AAB1-BE25-4F4B-855B-5626C3515301}.Debug|Any CPU.ActiveCfg = Debug|Any CPU
		{7566AAB1-BE25-4F4B-855B-5626C3515301}.Debug|Any CPU.Build.0 = Debug|Any CPU
		{7566AAB1-BE25-4F4B-855B-5626C3515301}.Release|Any CPU.ActiveCfg = Release|Any CPU
		{7566AAB1-BE25-4F4B-855B-5626C3515301}.Release|Any CPU.Build.0 = Release|Any CPU
		{B4FC9194-661D-4C4A-8191-6AE0D7F9A481}.Debug|Any CPU.ActiveCfg = Debug|Any CPU
		{B4FC9194-661D-4C4A-8191-6AE0D7F9A481}.Debug|Any CPU.Build.0 = Debug|Any CPU
		{B4FC9194-661D-4C4A-8191-6AE0D7F9A481}.Release|Any CPU.ActiveCfg = Release|Any CPU
		{B4FC9194-661D-4C4A-8191-6AE0D7F9A481}.Release|Any CPU.Build.0 = Release|Any CPU
		{F70F2A83-F0BF-48CC-9DE6-EB57222C5896}.Debug|Any CPU.ActiveCfg = Debug|Any CPU
		{F70F2A83-F0BF-48CC-9DE6-EB57222C5896}.Debug|Any CPU.Build.0 = Debug|Any CPU
		{F70F2A83-F0BF-48CC-9DE6-EB57222C5896}.Release|Any CPU.ActiveCfg = Release|Any CPU
		{F70F2A83-F0BF-48CC-9DE6-EB57222C5896}.Release|Any CPU.Build.0 = Release|Any CPU
		{B24C2879-84E3-4450-A45E-7E28A6E2BC1A}.Debug|Any CPU.ActiveCfg = Debug|Any CPU
		{B24C2879-84E3-4450-A45E-7E28A6E2BC1A}.Debug|Any CPU.Build.0 = Debug|Any CPU
		{B24C2879-84E3-4450-A45E-7E28A6E2BC1A}.Release|Any CPU.ActiveCfg = Release|Any CPU
		{B24C2879-84E3-4450-A45E-7E28A6E2BC1A}.Release|Any CPU.Build.0 = Release|Any CPU
	EndGlobalSection
	GlobalSection(NestedProjects) = preSolution
		{DDEDE9A3-EDE7-4F3F-872E-A84A5DD60C03} = {7F7D4740-53CB-4B9F-960C-761CC0ED463B}
		{7165724E-9328-4BD8-AC6B-A1A979D0E85A} = {7F7D4740-53CB-4B9F-960C-761CC0ED463B}
		{37691F51-6A10-4C3B-A867-76A927DB5E5F} = {7165724E-9328-4BD8-AC6B-A1A979D0E85A}
		{4A90542A-E6B3-4F54-B1E7-BA83809F6CAE} = {DDEDE9A3-EDE7-4F3F-872E-A84A5DD60C03}
		{793594B7-9142-4F37-A274-4FDA0D56C0B9} = {DDEDE9A3-EDE7-4F3F-872E-A84A5DD60C03}
		{7566AAB1-BE25-4F4B-855B-5626C3515301} = {DDEDE9A3-EDE7-4F3F-872E-A84A5DD60C03}
		{B4FC9194-661D-4C4A-8191-6AE0D7F9A481} = {DDEDE9A3-EDE7-4F3F-872E-A84A5DD60C03}
		{F70F2A83-F0BF-48CC-9DE6-EB57222C5896} = {54D5B683-8338-462B-B162-888467C4701C}
		{B24C2879-84E3-4450-A45E-7E28A6E2BC1A} = {54D5B683-8338-462B-B162-888467C4701C}
	EndGlobalSection
EndGlobal
